// !$*UTF8*$!
{
	archiveVersion = 1;
	classes = {
	};
	objectVersion = 50;
	objects = {

/* Begin PBXBuildFile section */
		278B63C02251143800E50209 /* AchivmentTableViewController.swift in Sources */ = {isa = PBXBuildFile; fileRef = 278B63BF2251143800E50209 /* AchivmentTableViewController.swift */; };
		278B63C32251147800E50209 /* AchivmentTableViewCell.swift in Sources */ = {isa = PBXBuildFile; fileRef = 278B63C12251147800E50209 /* AchivmentTableViewCell.swift */; };
		278B63C42251147800E50209 /* AchivmentTableViewCell.xib in Resources */ = {isa = PBXBuildFile; fileRef = 278B63C22251147800E50209 /* AchivmentTableViewCell.xib */; };
		27EAA688221DE27000B8887C /* AppDelegate.swift in Sources */ = {isa = PBXBuildFile; fileRef = 27EAA687221DE27000B8887C /* AppDelegate.swift */; };
		27EAA68A221DE27000B8887C /* MainViewController.swift in Sources */ = {isa = PBXBuildFile; fileRef = 27EAA689221DE27000B8887C /* MainViewController.swift */; };
		27EAA68C221DE27000B8887C /* DataEntryViewController.swift in Sources */ = {isa = PBXBuildFile; fileRef = 27EAA68B221DE27000B8887C /* DataEntryViewController.swift */; };
		27EAA68F221DE27000B8887C /* Main.storyboard in Resources */ = {isa = PBXBuildFile; fileRef = 27EAA68D221DE27000B8887C /* Main.storyboard */; };
		27EAA691221DE27100B8887C /* Assets.xcassets in Resources */ = {isa = PBXBuildFile; fileRef = 27EAA690221DE27100B8887C /* Assets.xcassets */; };
		27EAA694221DE27100B8887C /* LaunchScreen.storyboard in Resources */ = {isa = PBXBuildFile; fileRef = 27EAA692221DE27100B8887C /* LaunchScreen.storyboard */; };
		27EAA69C221DE28500B8887C /* LvlSystem.swift in Sources */ = {isa = PBXBuildFile; fileRef = 27EAA69B221DE28500B8887C /* LvlSystem.swift */; };
		27ECD5932226A11100B275B9 /* BarChartViewController.swift in Sources */ = {isa = PBXBuildFile; fileRef = 27ECD5922226A11100B275B9 /* BarChartViewController.swift */; };
		27ECD59C224D080100B275B9 /* Achivements.swift in Sources */ = {isa = PBXBuildFile; fileRef = 27ECD59B224D080100B275B9 /* Achivements.swift */; };
		27ECD59E224D0BB700B275B9 /* NormAchivement.swift in Sources */ = {isa = PBXBuildFile; fileRef = 27ECD59D224D0BB700B275B9 /* NormAchivement.swift */; };
		27ECD5A0224F8FAE00B275B9 /* KcalAchivement.swift in Sources */ = {isa = PBXBuildFile; fileRef = 27ECD59F224F8FAE00B275B9 /* KcalAchivement.swift */; };
		27ECD5A2224F920400B275B9 /* User.swift in Sources */ = {isa = PBXBuildFile; fileRef = 27ECD5A1224F920400B275B9 /* User.swift */; };
		27EEC642221ED7D0008595B9 /* GoogleService-Info.plist in Resources */ = {isa = PBXBuildFile; fileRef = 27EEC641221ED7D0008595B9 /* GoogleService-Info.plist */; };
		27EEC644221ED933008595B9 /* CreateUserEmailViewController.swift in Sources */ = {isa = PBXBuildFile; fileRef = 27EEC643221ED933008595B9 /* CreateUserEmailViewController.swift */; };
		27EEC646221EF26D008595B9 /* LoginEmailViewController.swift in Sources */ = {isa = PBXBuildFile; fileRef = 27EEC645221EF26D008595B9 /* LoginEmailViewController.swift */; };
		27EEC648221EFC83008595B9 /* StartPageViewController.swift in Sources */ = {isa = PBXBuildFile; fileRef = 27EEC647221EFC83008595B9 /* StartPageViewController.swift */; };
		A5C0240DE2B4D6950B6A2931 /* Pods_Motivator1.framework in Frameworks */ = {isa = PBXBuildFile; fileRef = A3DE9BEEEBE2862C9C935A0B /* Pods_Motivator1.framework */; };
/* End PBXBuildFile section */

/* Begin PBXFileReference section */
		278B63BF2251143800E50209 /* AchivmentTableViewController.swift */ = {isa = PBXFileReference; lastKnownFileType = sourcecode.swift; path = AchivmentTableViewController.swift; sourceTree = "<group>"; };
		278B63C12251147800E50209 /* AchivmentTableViewCell.swift */ = {isa = PBXFileReference; lastKnownFileType = sourcecode.swift; path = AchivmentTableViewCell.swift; sourceTree = "<group>"; };
		278B63C22251147800E50209 /* AchivmentTableViewCell.xib */ = {isa = PBXFileReference; lastKnownFileType = file.xib; path = AchivmentTableViewCell.xib; sourceTree = "<group>"; };
		27EAA684221DE27000B8887C /* Motivator1.app */ = {isa = PBXFileReference; explicitFileType = wrapper.application; includeInIndex = 0; path = Motivator1.app; sourceTree = BUILT_PRODUCTS_DIR; };
		27EAA687221DE27000B8887C /* AppDelegate.swift */ = {isa = PBXFileReference; lastKnownFileType = sourcecode.swift; path = AppDelegate.swift; sourceTree = "<group>"; };
		27EAA689221DE27000B8887C /* MainViewController.swift */ = {isa = PBXFileReference; lastKnownFileType = sourcecode.swift; path = MainViewController.swift; sourceTree = "<group>"; };
		27EAA68B221DE27000B8887C /* DataEntryViewController.swift */ = {isa = PBXFileReference; lastKnownFileType = sourcecode.swift; path = DataEntryViewController.swift; sourceTree = "<group>"; };
		27EAA68E221DE27000B8887C /* Base */ = {isa = PBXFileReference; lastKnownFileType = file.storyboard; name = Base; path = Base.lproj/Main.storyboard; sourceTree = "<group>"; };
		27EAA690221DE27100B8887C /* Assets.xcassets */ = {isa = PBXFileReference; lastKnownFileType = folder.assetcatalog; path = Assets.xcassets; sourceTree = "<group>"; };
		27EAA693221DE27100B8887C /* Base */ = {isa = PBXFileReference; lastKnownFileType = file.storyboard; name = Base; path = Base.lproj/LaunchScreen.storyboard; sourceTree = "<group>"; };
		27EAA695221DE27100B8887C /* Info.plist */ = {isa = PBXFileReference; lastKnownFileType = text.plist.xml; path = Info.plist; sourceTree = "<group>"; };
		27EAA69B221DE28500B8887C /* LvlSystem.swift */ = {isa = PBXFileReference; fileEncoding = 4; lastKnownFileType = sourcecode.swift; path = LvlSystem.swift; sourceTree = "<group>"; };
		27ECD5922226A11100B275B9 /* BarChartViewController.swift */ = {isa = PBXFileReference; lastKnownFileType = sourcecode.swift; path = BarChartViewController.swift; sourceTree = "<group>"; };
		27ECD59B224D080100B275B9 /* Achivements.swift */ = {isa = PBXFileReference; lastKnownFileType = sourcecode.swift; path = Achivements.swift; sourceTree = "<group>"; };
		27ECD59D224D0BB700B275B9 /* NormAchivement.swift */ = {isa = PBXFileReference; lastKnownFileType = sourcecode.swift; path = NormAchivement.swift; sourceTree = "<group>"; };
		27ECD59F224F8FAE00B275B9 /* KcalAchivement.swift */ = {isa = PBXFileReference; lastKnownFileType = sourcecode.swift; path = KcalAchivement.swift; sourceTree = "<group>"; };
		27ECD5A1224F920400B275B9 /* User.swift */ = {isa = PBXFileReference; lastKnownFileType = sourcecode.swift; path = User.swift; sourceTree = "<group>"; };
		27EEC641221ED7D0008595B9 /* GoogleService-Info.plist */ = {isa = PBXFileReference; fileEncoding = 4; lastKnownFileType = text.plist.xml; path = "GoogleService-Info.plist"; sourceTree = "<group>"; };
		27EEC643221ED933008595B9 /* CreateUserEmailViewController.swift */ = {isa = PBXFileReference; lastKnownFileType = sourcecode.swift; path = CreateUserEmailViewController.swift; sourceTree = "<group>"; };
		27EEC645221EF26D008595B9 /* LoginEmailViewController.swift */ = {isa = PBXFileReference; lastKnownFileType = sourcecode.swift; path = LoginEmailViewController.swift; sourceTree = "<group>"; };
		27EEC647221EFC83008595B9 /* StartPageViewController.swift */ = {isa = PBXFileReference; lastKnownFileType = sourcecode.swift; path = StartPageViewController.swift; sourceTree = "<group>"; };
		3A16EE85105BD93AB1211D06 /* Pods-Motivator1.release.xcconfig */ = {isa = PBXFileReference; includeInIndex = 1; lastKnownFileType = text.xcconfig; name = "Pods-Motivator1.release.xcconfig"; path = "Target Support Files/Pods-Motivator1/Pods-Motivator1.release.xcconfig"; sourceTree = "<group>"; };
		A3DE9BEEEBE2862C9C935A0B /* Pods_Motivator1.framework */ = {isa = PBXFileReference; explicitFileType = wrapper.framework; includeInIndex = 0; path = Pods_Motivator1.framework; sourceTree = BUILT_PRODUCTS_DIR; };
		FE69E66D0F0F94CE896DEF1D /* Pods-Motivator1.debug.xcconfig */ = {isa = PBXFileReference; includeInIndex = 1; lastKnownFileType = text.xcconfig; name = "Pods-Motivator1.debug.xcconfig"; path = "Target Support Files/Pods-Motivator1/Pods-Motivator1.debug.xcconfig"; sourceTree = "<group>"; };
/* End PBXFileReference section */

/* Begin PBXFrameworksBuildPhase section */
		27EAA681221DE27000B8887C /* Frameworks */ = {
			isa = PBXFrameworksBuildPhase;
			buildActionMask = 2147483647;
			files = (
				A5C0240DE2B4D6950B6A2931 /* Pods_Motivator1.framework in Frameworks */,
			);
			runOnlyForDeploymentPostprocessing = 0;
		};
/* End PBXFrameworksBuildPhase section */

/* Begin PBXGroup section */
		2723A5C422511A3D000AA8F6 /* Achivment */ = {
			isa = PBXGroup;
			children = (
				278B63BF2251143800E50209 /* AchivmentTableViewController.swift */,
				278B63C12251147800E50209 /* AchivmentTableViewCell.swift */,
				278B63C22251147800E50209 /* AchivmentTableViewCell.xib */,
			);
			path = Achivment;
			sourceTree = "<group>";
		};
		27EAA67B221DE27000B8887C = {
			isa = PBXGroup;
			children = (
				27EAA686221DE27000B8887C /* Motivator1 */,
				27EAA685221DE27000B8887C /* Products */,
				5B74B33022E7ED0270306F71 /* Pods */,
				4396F78F462592EC47F70D58 /* Frameworks */,
			);
			sourceTree = "<group>";
		};
		27EAA685221DE27000B8887C /* Products */ = {
			isa = PBXGroup;
			children = (
				27EAA684221DE27000B8887C /* Motivator1.app */,
			);
			name = Products;
			sourceTree = "<group>";
		};
		27EAA686221DE27000B8887C /* Motivator1 */ = {
			isa = PBXGroup;
			children = (
				2723A5C422511A3D000AA8F6 /* Achivment */,
				27ECD5A3224FA96C00B275B9 /* Login */,
				27ECD59A224D043800B275B9 /* Model */,
				27EAA687221DE27000B8887C /* AppDelegate.swift */,
				27EAA689221DE27000B8887C /* MainViewController.swift */,
				27ECD5922226A11100B275B9 /* BarChartViewController.swift */,
				27EAA68B221DE27000B8887C /* DataEntryViewController.swift */,
				27EAA68D221DE27000B8887C /* Main.storyboard */,
				27EAA690221DE27100B8887C /* Assets.xcassets */,
				27EAA692221DE27100B8887C /* LaunchScreen.storyboard */,
				27EAA695221DE27100B8887C /* Info.plist */,
				27EEC641221ED7D0008595B9 /* GoogleService-Info.plist */,
			);
			path = Motivator1;
			sourceTree = "<group>";
		};
		27ECD59A224D043800B275B9 /* Model */ = {
			isa = PBXGroup;
			children = (
				27EAA69B221DE28500B8887C /* LvlSystem.swift */,
				27ECD59B224D080100B275B9 /* Achivements.swift */,
				27ECD59D224D0BB700B275B9 /* NormAchivement.swift */,
				27ECD59F224F8FAE00B275B9 /* KcalAchivement.swift */,
				27ECD5A1224F920400B275B9 /* User.swift */,
			);
			path = Model;
			sourceTree = "<group>";
		};
		27ECD5A3224FA96C00B275B9 /* Login */ = {
			isa = PBXGroup;
			children = (
				27EEC647221EFC83008595B9 /* StartPageViewController.swift */,
				27EEC645221EF26D008595B9 /* LoginEmailViewController.swift */,
				27EEC643221ED933008595B9 /* CreateUserEmailViewController.swift */,
			);
			path = Login;
			sourceTree = "<group>";
		};
		4396F78F462592EC47F70D58 /* Frameworks */ = {
			isa = PBXGroup;
			children = (
				A3DE9BEEEBE2862C9C935A0B /* Pods_Motivator1.framework */,
			);
			name = Frameworks;
			sourceTree = "<group>";
		};
		5B74B33022E7ED0270306F71 /* Pods */ = {
			isa = PBXGroup;
			children = (
				FE69E66D0F0F94CE896DEF1D /* Pods-Motivator1.debug.xcconfig */,
				3A16EE85105BD93AB1211D06 /* Pods-Motivator1.release.xcconfig */,
			);
			path = Pods;
			sourceTree = "<group>";
		};
/* End PBXGroup section */

/* Begin PBXNativeTarget section */
		27EAA683221DE27000B8887C /* Motivator1 */ = {
			isa = PBXNativeTarget;
			buildConfigurationList = 27EAA698221DE27100B8887C /* Build configuration list for PBXNativeTarget "Motivator1" */;
			buildPhases = (
				9886F985ED4AF90FE6DD533B /* [CP] Check Pods Manifest.lock */,
				27EAA680221DE27000B8887C /* Sources */,
				27EAA681221DE27000B8887C /* Frameworks */,
				27EAA682221DE27000B8887C /* Resources */,
				C7C9588841821D4E60F7E9C2 /* [CP] Embed Pods Frameworks */,
			);
			buildRules = (
			);
			dependencies = (
			);
			name = Motivator1;
			productName = Motivator1;
			productReference = 27EAA684221DE27000B8887C /* Motivator1.app */;
			productType = "com.apple.product-type.application";
		};
/* End PBXNativeTarget section */

/* Begin PBXProject section */
		27EAA67C221DE27000B8887C /* Project object */ = {
			isa = PBXProject;
			attributes = {
				LastSwiftUpdateCheck = 1010;
				LastUpgradeCheck = 1010;
				ORGANIZATIONNAME = "Mathias Larsen";
				TargetAttributes = {
					27EAA683221DE27000B8887C = {
						CreatedOnToolsVersion = 10.1;
					};
				};
			};
			buildConfigurationList = 27EAA67F221DE27000B8887C /* Build configuration list for PBXProject "Motivator1" */;
			compatibilityVersion = "Xcode 9.3";
			developmentRegion = en;
			hasScannedForEncodings = 0;
			knownRegions = (
				en,
				Base,
			);
			mainGroup = 27EAA67B221DE27000B8887C;
			productRefGroup = 27EAA685221DE27000B8887C /* Products */;
			projectDirPath = "";
			projectRoot = "";
			targets = (
				27EAA683221DE27000B8887C /* Motivator1 */,
			);
		};
/* End PBXProject section */

/* Begin PBXResourcesBuildPhase section */
		27EAA682221DE27000B8887C /* Resources */ = {
			isa = PBXResourcesBuildPhase;
			buildActionMask = 2147483647;
			files = (
				278B63C42251147800E50209 /* AchivmentTableViewCell.xib in Resources */,
				27EAA694221DE27100B8887C /* LaunchScreen.storyboard in Resources */,
				27EAA691221DE27100B8887C /* Assets.xcassets in Resources */,
				27EAA68F221DE27000B8887C /* Main.storyboard in Resources */,
				27EEC642221ED7D0008595B9 /* GoogleService-Info.plist in Resources */,
			);
			runOnlyForDeploymentPostprocessing = 0;
		};
/* End PBXResourcesBuildPhase section */

/* Begin PBXShellScriptBuildPhase section */
		9886F985ED4AF90FE6DD533B /* [CP] Check Pods Manifest.lock */ = {
			isa = PBXShellScriptBuildPhase;
			buildActionMask = 2147483647;
			files = (
			);
			inputFileListPaths = (
			);
			inputPaths = (
				"${PODS_PODFILE_DIR_PATH}/Podfile.lock",
				"${PODS_ROOT}/Manifest.lock",
			);
			name = "[CP] Check Pods Manifest.lock";
			outputFileListPaths = (
			);
			outputPaths = (
				"$(DERIVED_FILE_DIR)/Pods-Motivator1-checkManifestLockResult.txt",
			);
			runOnlyForDeploymentPostprocessing = 0;
			shellPath = /bin/sh;
			shellScript = "diff \"${PODS_PODFILE_DIR_PATH}/Podfile.lock\" \"${PODS_ROOT}/Manifest.lock\" > /dev/null\nif [ $? != 0 ] ; then\n    # print error to STDERR\n    echo \"error: The sandbox is not in sync with the Podfile.lock. Run 'pod install' or update your CocoaPods installation.\" >&2\n    exit 1\nfi\n# This output is used by Xcode 'outputs' to avoid re-running this script phase.\necho \"SUCCESS\" > \"${SCRIPT_OUTPUT_FILE_0}\"\n";
			showEnvVarsInLog = 0;
		};
		C7C9588841821D4E60F7E9C2 /* [CP] Embed Pods Frameworks */ = {
			isa = PBXShellScriptBuildPhase;
			buildActionMask = 2147483647;
			files = (
			);
			inputFileListPaths = (
			);
			inputPaths = (
				"${PODS_ROOT}/Target Support Files/Pods-Motivator1/Pods-Motivator1-frameworks.sh",
				"${BUILT_PRODUCTS_DIR}/Charts/Charts.framework",
				"${BUILT_PRODUCTS_DIR}/GTMSessionFetcher/GTMSessionFetcher.framework",
				"${BUILT_PRODUCTS_DIR}/GoogleUtilities/GoogleUtilities.framework",
				"${BUILT_PRODUCTS_DIR}/leveldb-library/leveldb.framework",
				"${BUILT_PRODUCTS_DIR}/nanopb/nanopb.framework",
			);
			name = "[CP] Embed Pods Frameworks";
			outputFileListPaths = (
			);
			outputPaths = (
				"${TARGET_BUILD_DIR}/${FRAMEWORKS_FOLDER_PATH}/Charts.framework",
				"${TARGET_BUILD_DIR}/${FRAMEWORKS_FOLDER_PATH}/GTMSessionFetcher.framework",
				"${TARGET_BUILD_DIR}/${FRAMEWORKS_FOLDER_PATH}/GoogleUtilities.framework",
				"${TARGET_BUILD_DIR}/${FRAMEWORKS_FOLDER_PATH}/leveldb.framework",
				"${TARGET_BUILD_DIR}/${FRAMEWORKS_FOLDER_PATH}/nanopb.framework",
			);
			runOnlyForDeploymentPostprocessing = 0;
			shellPath = /bin/sh;
			shellScript = "\"${PODS_ROOT}/Target Support Files/Pods-Motivator1/Pods-Motivator1-frameworks.sh\"\n";
			showEnvVarsInLog = 0;
		};
/* End PBXShellScriptBuildPhase section */

/* Begin PBXSourcesBuildPhase section */
		27EAA680221DE27000B8887C /* Sources */ = {
			isa = PBXSourcesBuildPhase;
			buildActionMask = 2147483647;
			files = (
				278B63C02251143800E50209 /* AchivmentTableViewController.swift in Sources */,
				27EAA68C221DE27000B8887C /* DataEntryViewController.swift in Sources */,
				27EEC644221ED933008595B9 /* CreateUserEmailViewController.swift in Sources */,
				27ECD59C224D080100B275B9 /* Achivements.swift in Sources */,
				27EAA69C221DE28500B8887C /* LvlSystem.swift in Sources */,
				27EEC646221EF26D008595B9 /* LoginEmailViewController.swift in Sources */,
				27ECD59E224D0BB700B275B9 /* NormAchivement.swift in Sources */,
				278B63C32251147800E50209 /* AchivmentTableViewCell.swift in Sources */,
				27EAA688221DE27000B8887C /* AppDelegate.swift in Sources */,
				27ECD5A0224F8FAE00B275B9 /* KcalAchivement.swift in Sources */,
				27ECD5A2224F920400B275B9 /* User.swift in Sources */,
				27ECD5932226A11100B275B9 /* BarChartViewController.swift in Sources */,
				27EAA68A221DE27000B8887C /* MainViewController.swift in Sources */,
				27EEC648221EFC83008595B9 /* StartPageViewController.swift in Sources */,
			);
			runOnlyForDeploymentPostprocessing = 0;
		};
/* End PBXSourcesBuildPhase section */

/* Begin PBXVariantGroup section */
		27EAA68D221DE27000B8887C /* Main.storyboard */ = {
			isa = PBXVariantGroup;
			children = (
				27EAA68E221DE27000B8887C /* Base */,
			);
			name = Main.storyboard;
			sourceTree = "<group>";
		};
		27EAA692221DE27100B8887C /* LaunchScreen.storyboard */ = {
			isa = PBXVariantGroup;
			children = (
				27EAA693221DE27100B8887C /* Base */,
			);
			name = LaunchScreen.storyboard;
			sourceTree = "<group>";
		};
/* End PBXVariantGroup section */

/* Begin XCBuildConfiguration section */
		27EAA696221DE27100B8887C /* Debug */ = {
			isa = XCBuildConfiguration;
			buildSettings = {
				ALWAYS_SEARCH_USER_PATHS = NO;
				CLANG_ANALYZER_NONNULL = YES;
				CLANG_ANALYZER_NUMBER_OBJECT_CONVERSION = YES_AGGRESSIVE;
				CLANG_CXX_LANGUAGE_STANDARD = "gnu++14";
				CLANG_CXX_LIBRARY = "libc++";
				CLANG_ENABLE_MODULES = YES;
				CLANG_ENABLE_OBJC_ARC = YES;
				CLANG_ENABLE_OBJC_WEAK = YES;
				CLANG_WARN_BLOCK_CAPTURE_AUTORELEASING = YES;
				CLANG_WARN_BOOL_CONVERSION = YES;
				CLANG_WARN_COMMA = YES;
				CLANG_WARN_CONSTANT_CONVERSION = YES;
				CLANG_WARN_DEPRECATED_OBJC_IMPLEMENTATIONS = YES;
				CLANG_WARN_DIRECT_OBJC_ISA_USAGE = YES_ERROR;
				CLANG_WARN_DOCUMENTATION_COMMENTS = YES;
				CLANG_WARN_EMPTY_BODY = YES;
				CLANG_WARN_ENUM_CONVERSION = YES;
				CLANG_WARN_INFINITE_RECURSION = YES;
				CLANG_WARN_INT_CONVERSION = YES;
				CLANG_WARN_NON_LITERAL_NULL_CONVERSION = YES;
				CLANG_WARN_OBJC_IMPLICIT_RETAIN_SELF = YES;
				CLANG_WARN_OBJC_LITERAL_CONVERSION = YES;
				CLANG_WARN_OBJC_ROOT_CLASS = YES_ERROR;
				CLANG_WARN_RANGE_LOOP_ANALYSIS = YES;
				CLANG_WARN_STRICT_PROTOTYPES = YES;
				CLANG_WARN_SUSPICIOUS_MOVE = YES;
				CLANG_WARN_UNGUARDED_AVAILABILITY = YES_AGGRESSIVE;
				CLANG_WARN_UNREACHABLE_CODE = YES;
				CLANG_WARN__DUPLICATE_METHOD_MATCH = YES;
				CODE_SIGN_IDENTITY = "iPhone Developer";
				COPY_PHASE_STRIP = NO;
				DEBUG_INFORMATION_FORMAT = dwarf;
				ENABLE_STRICT_OBJC_MSGSEND = YES;
				ENABLE_TESTABILITY = YES;
				GCC_C_LANGUAGE_STANDARD = gnu11;
				GCC_DYNAMIC_NO_PIC = NO;
				GCC_NO_COMMON_BLOCKS = YES;
				GCC_OPTIMIZATION_LEVEL = 0;
				GCC_PREPROCESSOR_DEFINITIONS = (
					"DEBUG=1",
					"$(inherited)",
				);
				GCC_WARN_64_TO_32_BIT_CONVERSION = YES;
				GCC_WARN_ABOUT_RETURN_TYPE = YES_ERROR;
				GCC_WARN_UNDECLARED_SELECTOR = YES;
				GCC_WARN_UNINITIALIZED_AUTOS = YES_AGGRESSIVE;
				GCC_WARN_UNUSED_FUNCTION = YES;
				GCC_WARN_UNUSED_VARIABLE = YES;
				IPHONEOS_DEPLOYMENT_TARGET = 12.1;
				MTL_ENABLE_DEBUG_INFO = INCLUDE_SOURCE;
				MTL_FAST_MATH = YES;
				ONLY_ACTIVE_ARCH = YES;
				SDKROOT = iphoneos;
				SWIFT_ACTIVE_COMPILATION_CONDITIONS = DEBUG;
				SWIFT_OPTIMIZATION_LEVEL = "-Onone";
			};
			name = Debug;
		};
		27EAA697221DE27100B8887C /* Release */ = {
			isa = XCBuildConfiguration;
			buildSettings = {
				ALWAYS_SEARCH_USER_PATHS = NO;
				CLANG_ANALYZER_NONNULL = YES;
				CLANG_ANALYZER_NUMBER_OBJECT_CONVERSION = YES_AGGRESSIVE;
				CLANG_CXX_LANGUAGE_STANDARD = "gnu++14";
				CLANG_CXX_LIBRARY = "libc++";
				CLANG_ENABLE_MODULES = YES;
				CLANG_ENABLE_OBJC_ARC = YES;
				CLANG_ENABLE_OBJC_WEAK = YES;
				CLANG_WARN_BLOCK_CAPTURE_AUTORELEASING = YES;
				CLANG_WARN_BOOL_CONVERSION = YES;
				CLANG_WARN_COMMA = YES;
				CLANG_WARN_CONSTANT_CONVERSION = YES;
				CLANG_WARN_DEPRECATED_OBJC_IMPLEMENTATIONS = YES;
				CLANG_WARN_DIRECT_OBJC_ISA_USAGE = YES_ERROR;
				CLANG_WARN_DOCUMENTATION_COMMENTS = YES;
				CLANG_WARN_EMPTY_BODY = YES;
				CLANG_WARN_ENUM_CONVERSION = YES;
				CLANG_WARN_INFINITE_RECURSION = YES;
				CLANG_WARN_INT_CONVERSION = YES;
				CLANG_WARN_NON_LITERAL_NULL_CONVERSION = YES;
				CLANG_WARN_OBJC_IMPLICIT_RETAIN_SELF = YES;
				CLANG_WARN_OBJC_LITERAL_CONVERSION = YES;
				CLANG_WARN_OBJC_ROOT_CLASS = YES_ERROR;
				CLANG_WARN_RANGE_LOOP_ANALYSIS = YES;
				CLANG_WARN_STRICT_PROTOTYPES = YES;
				CLANG_WARN_SUSPICIOUS_MOVE = YES;
				CLANG_WARN_UNGUARDED_AVAILABILITY = YES_AGGRESSIVE;
				CLANG_WARN_UNREACHABLE_CODE = YES;
				CLANG_WARN__DUPLICATE_METHOD_MATCH = YES;
				CODE_SIGN_IDENTITY = "iPhone Developer";
				COPY_PHASE_STRIP = NO;
				DEBUG_INFORMATION_FORMAT = "dwarf-with-dsym";
				ENABLE_NS_ASSERTIONS = NO;
				ENABLE_STRICT_OBJC_MSGSEND = YES;
				GCC_C_LANGUAGE_STANDARD = gnu11;
				GCC_NO_COMMON_BLOCKS = YES;
				GCC_WARN_64_TO_32_BIT_CONVERSION = YES;
				GCC_WARN_ABOUT_RETURN_TYPE = YES_ERROR;
				GCC_WARN_UNDECLARED_SELECTOR = YES;
				GCC_WARN_UNINITIALIZED_AUTOS = YES_AGGRESSIVE;
				GCC_WARN_UNUSED_FUNCTION = YES;
				GCC_WARN_UNUSED_VARIABLE = YES;
				IPHONEOS_DEPLOYMENT_TARGET = 12.1;
				MTL_ENABLE_DEBUG_INFO = NO;
				MTL_FAST_MATH = YES;
				SDKROOT = iphoneos;
				SWIFT_COMPILATION_MODE = wholemodule;
				SWIFT_OPTIMIZATION_LEVEL = "-O";
				VALIDATE_PRODUCT = YES;
			};
			name = Release;
		};
		27EAA699221DE27100B8887C /* Debug */ = {
			isa = XCBuildConfiguration;
			baseConfigurationReference = FE69E66D0F0F94CE896DEF1D /* Pods-Motivator1.debug.xcconfig */;
			buildSettings = {
				ASSETCATALOG_COMPILER_APPICON_NAME = AppIcon;
				CODE_SIGN_STYLE = Automatic;
				INFOPLIST_FILE = Motivator1/Info.plist;
				LD_RUNPATH_SEARCH_PATHS = (
					"$(inherited)",
					"@executable_path/Frameworks",
				);
				PRODUCT_BUNDLE_IDENTIFIER = com.MadneZ.Motivator1;
				PRODUCT_NAME = "$(TARGET_NAME)";
				SWIFT_VERSION = 4.2;
				TARGETED_DEVICE_FAMILY = "1,2";
			};
			name = Debug;
		};
		27EAA69A221DE27100B8887C /* Release */ = {
			isa = XCBuildConfiguration;
			baseConfigurationReference = 3A16EE85105BD93AB1211D06 /* Pods-Motivator1.release.xcconfig */;
			buildSettings = {
				ASSETCATALOG_COMPILER_APPICON_NAME = AppIcon;
				CODE_SIGN_STYLE = Automatic;
				INFOPLIST_FILE = Motivator1/Info.plist;
				LD_RUNPATH_SEARCH_PATHS = (
					"$(inherited)",
					"@executable_path/Frameworks",
				);
				PRODUCT_BUNDLE_IDENTIFIER = com.MadneZ.Motivator1;
				PRODUCT_NAME = "$(TARGET_NAME)";
				SWIFT_VERSION = 4.2;
				TARGETED_DEVICE_FAMILY = "1,2";
			};
			name = Release;
		};
/* End XCBuildConfiguration section */

/* Begin XCConfigurationList section */
		27EAA67F221DE27000B8887C /* Build configuration list for PBXProject "Motivator1" */ = {
			isa = XCConfigurationList;
			buildConfigurations = (
				27EAA696221DE27100B8887C /* Debug */,
				27EAA697221DE27100B8887C /* Release */,
			);
			defaultConfigurationIsVisible = 0;
			defaultConfigurationName = Release;
		};
		27EAA698221DE27100B8887C /* Build configuration list for PBXNativeTarget "Motivator1" */ = {
			isa = XCConfigurationList;
			buildConfigurations = (
				27EAA699221DE27100B8887C /* Debug */,
				27EAA69A221DE27100B8887C /* Release */,
			);
			defaultConfigurationIsVisible = 0;
			defaultConfigurationName = Release;
		};
/* End XCConfigurationList section */
	};
	rootObject = 27EAA67C221DE27000B8887C /* Project object */;
}
